
Microsoft Visual Studio Solution File, Format Version 12.00
# Visual Studio Version 16
VisualStudioVersion = 16.0.30517.126
MinimumVisualStudioVersion = 10.0.40219.1
Project("{9A19103F-16F7-4668-BE54-9A1E7A4F7556}") = "Reflection", "NetTemple\Reflection.csproj", "{8FCAE73F-F444-465D-857E-91C93C740BE5}"
EndProject
Project("{9A19103F-16F7-4668-BE54-9A1E7A4F7556}") = "Interface", "Interface\Interface.csproj", "{ECD4BB85-EF83-4703-A652-CD18CB3C7861}"
EndProject
Project("{9A19103F-16F7-4668-BE54-9A1E7A4F7556}") = "Files", "File\Files.csproj", "{CF2BFD7E-07FC-4052-9D03-B121C04B8AE3}"
EndProject
Project("{9A19103F-16F7-4668-BE54-9A1E7A4F7556}") = "Serializations", "Serializations\Serializations.csproj", "{4405C8A0-84C3-4292-99F3-F95A8F9CF4A3}"
EndProject
Project("{9A19103F-16F7-4668-BE54-9A1E7A4F7556}") = "Delegates", "Delegates\Delegates.csproj", "{9354DFA5-D206-4E1C-8DAC-62010BE1C22A}"
EndProject
Project("{9A19103F-16F7-4668-BE54-9A1E7A4F7556}") = "Asynchronous", "Asynchronous\Asynchronous.csproj", "{7FE1AD82-06EA-4BF5-AE3E-16A0EEF3BB75}"
EndProject
Project("{9A19103F-16F7-4668-BE54-9A1E7A4F7556}") = "SharpSix", "SharpSix\SharpSix.csproj", "{B22B3DC6-E0C3-4564-9C83-D897048B885A}"
EndProject
Project("{9A19103F-16F7-4668-BE54-9A1E7A4F7556}") = "ToDictionarys", "ToDictionarys\ToDictionarys.csproj", "{44E10A15-AD18-4817-ADF2-5384302A9D8A}"
EndProject
Project("{9A19103F-16F7-4668-BE54-9A1E7A4F7556}") = "Redis", "Redis\Redis.csproj", "{6B759C8A-587D-4785-8A25-AD09762B4EEA}"
EndProject
Project("{9A19103F-16F7-4668-BE54-9A1E7A4F7556}") = "斐波那契数列", "斐波那契数列\斐波那契数列.csproj", "{F75D8B2A-0228-4C59-A26B-C26050C18457}"
EndProject
Project("{9A19103F-16F7-4668-BE54-9A1E7A4F7556}") = "角谷猜想", "角谷猜想\角谷猜想.csproj", "{03B3C650-BFDB-4FB4-A808-DF47F7A758B7}"
EndProject
Project("{9A19103F-16F7-4668-BE54-9A1E7A4F7556}") = "冒泡排序", "冒泡排序\冒泡排序.csproj", "{14E82929-3206-48D5-8B53-15FFD016E357}"
EndProject
Project("{9A19103F-16F7-4668-BE54-9A1E7A4F7556}") = "XML", "XML\XML.csproj", "{97A304D9-2A21-437A-9F9B-DFF74350F8ED}"
EndProject
Project("{2150E333-8FDC-42A3-9474-1A3956D46DE8}") = "基础", "基础", "{EC681E60-CDDA-47DB-8A0B-1A2840C97DEF}"
EndProject
Project("{FAE04EC0-301F-11D3-BF4B-00C04F79EFBC}") = "字符串", "字符串\字符串.csproj", "{78F63C3A-6068-4CA0-BCF3-F5BF152E496D}"
EndProject
Global
	GlobalSection(SolutionConfigurationPlatforms) = preSolution
		Debug|Any CPU = Debug|Any CPU
		Release|Any CPU = Release|Any CPU
	EndGlobalSection
	GlobalSection(ProjectConfigurationPlatforms) = postSolution
		{8FCAE73F-F444-465D-857E-91C93C740BE5}.Debug|Any CPU.ActiveCfg = Debug|Any CPU
		{8FCAE73F-F444-465D-857E-91C93C740BE5}.Debug|Any CPU.Build.0 = Debug|Any CPU
		{8FCAE73F-F444-465D-857E-91C93C740BE5}.Release|Any CPU.ActiveCfg = Release|Any CPU
		{8FCAE73F-F444-465D-857E-91C93C740BE5}.Release|Any CPU.Build.0 = Release|Any CPU
		{ECD4BB85-EF83-4703-A652-CD18CB3C7861}.Debug|Any CPU.ActiveCfg = Debug|Any CPU
		{ECD4BB85-EF83-4703-A652-CD18CB3C7861}.Debug|Any CPU.Build.0 = Debug|Any CPU
		{ECD4BB85-EF83-4703-A652-CD18CB3C7861}.Release|Any CPU.ActiveCfg = Release|Any CPU
		{ECD4BB85-EF83-4703-A652-CD18CB3C7861}.Release|Any CPU.Build.0 = Release|Any CPU
		{CF2BFD7E-07FC-4052-9D03-B121C04B8AE3}.Debug|Any CPU.ActiveCfg = Debug|Any CPU
		{CF2BFD7E-07FC-4052-9D03-B121C04B8AE3}.Debug|Any CPU.Build.0 = Debug|Any CPU
		{CF2BFD7E-07FC-4052-9D03-B121C04B8AE3}.Release|Any CPU.ActiveCfg = Release|Any CPU
		{CF2BFD7E-07FC-4052-9D03-B121C04B8AE3}.Release|Any CPU.Build.0 = Release|Any CPU
		{4405C8A0-84C3-4292-99F3-F95A8F9CF4A3}.Debug|Any CPU.ActiveCfg = Debug|Any CPU
		{4405C8A0-84C3-4292-99F3-F95A8F9CF4A3}.Debug|Any CPU.Build.0 = Debug|Any CPU
		{4405C8A0-84C3-4292-99F3-F95A8F9CF4A3}.Release|Any CPU.ActiveCfg = Release|Any CPU
		{4405C8A0-84C3-4292-99F3-F95A8F9CF4A3}.Release|Any CPU.Build.0 = Release|Any CPU
		{9354DFA5-D206-4E1C-8DAC-62010BE1C22A}.Debug|Any CPU.ActiveCfg = Debug|Any CPU
		{9354DFA5-D206-4E1C-8DAC-62010BE1C22A}.Debug|Any CPU.Build.0 = Debug|Any CPU
		{9354DFA5-D206-4E1C-8DAC-62010BE1C22A}.Release|Any CPU.ActiveCfg = Release|Any CPU
		{9354DFA5-D206-4E1C-8DAC-62010BE1C22A}.Release|Any CPU.Build.0 = Release|Any CPU
		{7FE1AD82-06EA-4BF5-AE3E-16A0EEF3BB75}.Debug|Any CPU.ActiveCfg = Debug|Any CPU
		{7FE1AD82-06EA-4BF5-AE3E-16A0EEF3BB75}.Debug|Any CPU.Build.0 = Debug|Any CPU
		{7FE1AD82-06EA-4BF5-AE3E-16A0EEF3BB75}.Release|Any CPU.ActiveCfg = Release|Any CPU
		{7FE1AD82-06EA-4BF5-AE3E-16A0EEF3BB75}.Release|Any CPU.Build.0 = Release|Any CPU
		{B22B3DC6-E0C3-4564-9C83-D897048B885A}.Debug|Any CPU.ActiveCfg = Debug|Any CPU
		{B22B3DC6-E0C3-4564-9C83-D897048B885A}.Debug|Any CPU.Build.0 = Debug|Any CPU
		{B22B3DC6-E0C3-4564-9C83-D897048B885A}.Release|Any CPU.ActiveCfg = Release|Any CPU
		{B22B3DC6-E0C3-4564-9C83-D897048B885A}.Release|Any CPU.Build.0 = Release|Any CPU
		{44E10A15-AD18-4817-ADF2-5384302A9D8A}.Debug|Any CPU.ActiveCfg = Debug|Any CPU
		{44E10A15-AD18-4817-ADF2-5384302A9D8A}.Debug|Any CPU.Build.0 = Debug|Any CPU
		{44E10A15-AD18-4817-ADF2-5384302A9D8A}.Release|Any CPU.ActiveCfg = Release|Any CPU
		{44E10A15-AD18-4817-ADF2-5384302A9D8A}.Release|Any CPU.Build.0 = Release|Any CPU
		{6B759C8A-587D-4785-8A25-AD09762B4EEA}.Debug|Any CPU.ActiveCfg = Debug|Any CPU
		{6B759C8A-587D-4785-8A25-AD09762B4EEA}.Debug|Any CPU.Build.0 = Debug|Any CPU
		{6B759C8A-587D-4785-8A25-AD09762B4EEA}.Release|Any CPU.ActiveCfg = Release|Any CPU
		{6B759C8A-587D-4785-8A25-AD09762B4EEA}.Release|Any CPU.Build.0 = Release|Any CPU
		{F75D8B2A-0228-4C59-A26B-C26050C18457}.Debug|Any CPU.ActiveCfg = Debug|Any CPU
		{F75D8B2A-0228-4C59-A26B-C26050C18457}.Debug|Any CPU.Build.0 = Debug|Any CPU
		{F75D8B2A-0228-4C59-A26B-C26050C18457}.Release|Any CPU.ActiveCfg = Release|Any CPU
		{F75D8B2A-0228-4C59-A26B-C26050C18457}.Release|Any CPU.Build.0 = Release|Any CPU
		{03B3C650-BFDB-4FB4-A808-DF47F7A758B7}.Debug|Any CPU.ActiveCfg = Debug|Any CPU
		{03B3C650-BFDB-4FB4-A808-DF47F7A758B7}.Debug|Any CPU.Build.0 = Debug|Any CPU
		{03B3C650-BFDB-4FB4-A808-DF47F7A758B7}.Release|Any CPU.ActiveCfg = Release|Any CPU
		{03B3C650-BFDB-4FB4-A808-DF47F7A758B7}.Release|Any CPU.Build.0 = Release|Any CPU
		{14E82929-3206-48D5-8B53-15FFD016E357}.Debug|Any CPU.ActiveCfg = Debug|Any CPU
		{14E82929-3206-48D5-8B53-15FFD016E357}.Debug|Any CPU.Build.0 = Debug|Any CPU
		{14E82929-3206-48D5-8B53-15FFD016E357}.Release|Any CPU.ActiveCfg = Release|Any CPU
		{14E82929-3206-48D5-8B53-15FFD016E357}.Release|Any CPU.Build.0 = Release|Any CPU
		{97A304D9-2A21-437A-9F9B-DFF74350F8ED}.Debug|Any CPU.ActiveCfg = Debug|Any CPU
		{97A304D9-2A21-437A-9F9B-DFF74350F8ED}.Debug|Any CPU.Build.0 = Debug|Any CPU
		{97A304D9-2A21-437A-9F9B-DFF74350F8ED}.Release|Any CPU.ActiveCfg = Release|Any CPU
		{97A304D9-2A21-437A-9F9B-DFF74350F8ED}.Release|Any CPU.Build.0 = Release|Any CPU
		{78F63C3A-6068-4CA0-BCF3-F5BF152E496D}.Debug|Any CPU.ActiveCfg = Debug|Any CPU
		{78F63C3A-6068-4CA0-BCF3-F5BF152E496D}.Debug|Any CPU.Build.0 = Debug|Any CPU
		{78F63C3A-6068-4CA0-BCF3-F5BF152E496D}.Release|Any CPU.ActiveCfg = Release|Any CPU
		{78F63C3A-6068-4CA0-BCF3-F5BF152E496D}.Release|Any CPU.Build.0 = Release|Any CPU
	EndGlobalSection
	GlobalSection(SolutionProperties) = preSolution
		HideSolutionNode = FALSE
	EndGlobalSection
	GlobalSection(NestedProjects) = preSolution
		{78F63C3A-6068-4CA0-BCF3-F5BF152E496D} = {EC681E60-CDDA-47DB-8A0B-1A2840C97DEF}
	EndGlobalSection
	GlobalSection(ExtensibilityGlobals) = postSolution
		SolutionGuid = {A6857292-1ED6-4745-91C4-A810BA862DDD}
	EndGlobalSection
EndGlobal
