
Microsoft Visual Studio Solution File, Format Version 12.00
# Visual Studio Version 16
VisualStudioVersion = 16.0.30517.126
MinimumVisualStudioVersion = 10.0.40219.1
Project("{2150E333-8FDC-42A3-9474-1A3956D46DE8}") = "基础", "基础", "{EC681E60-CDDA-47DB-8A0B-1A2840C97DEF}"
EndProject
Project("{2150E333-8FDC-42A3-9474-1A3956D46DE8}") = "文件", "文件", "{433B7760-F989-44D1-9A32-3006D0B8BBC4}"
EndProject
Project("{9A19103F-16F7-4668-BE54-9A1E7A4F7556}") = "表达式树", "表达式树\表达式树.csproj", "{EB7EAF10-3BAE-4D1C-8214-1723A34960A4}"
EndProject
Project("{2150E333-8FDC-42A3-9474-1A3956D46DE8}") = "RabbitMQ", "RabbitMQ", "{7A5D00B1-132E-4697-87FC-3CE337443493}"
EndProject
Project("{9A19103F-16F7-4668-BE54-9A1E7A4F7556}") = "MessageProducer", "MessageProducer\MessageProducer.csproj", "{687A96FB-68E0-444B-B785-306C607498C6}"
EndProject
Project("{9A19103F-16F7-4668-BE54-9A1E7A4F7556}") = "MessageRecipient", "MessageRecipient\MessageRecipient.csproj", "{3BC8A4D8-4332-4B56-956F-85A88196DCDA}"
EndProject
Project("{2150E333-8FDC-42A3-9474-1A3956D46DE8}") = "Web", "Web", "{9644CBFD-A7CD-4EC2-97B3-B68DF4B48F3A}"
EndProject
Project("{9A19103F-16F7-4668-BE54-9A1E7A4F7556}") = "二叉树", "二叉树\二叉树.csproj", "{020FA63B-C739-4803-B3B0-2FD781EE4D06}"
EndProject
Project("{2150E333-8FDC-42A3-9474-1A3956D46DE8}") = "算法", "算法", "{FAA6AD48-A871-4704-9248-98771DB7BD4B}"
EndProject
Project("{9A19103F-16F7-4668-BE54-9A1E7A4F7556}") = "leetcode", "leetcode\leetcode.csproj", "{FA5CCA04-B307-4280-B456-1799CF684EEB}"
EndProject
Project("{9A19103F-16F7-4668-BE54-9A1E7A4F7556}") = "Net5.Project", "Net5.Project\Net5.Project.csproj", "{53C63761-93D6-471C-A35F-AF398A685F2E}"
EndProject
Project("{9A19103F-16F7-4668-BE54-9A1E7A4F7556}") = "Mapster", "Mapster\Mapster.csproj", "{45EC0CD2-122C-4142-A0EE-9CBF4FFB9AD2}"
EndProject
Project("{FAE04EC0-301F-11D3-BF4B-00C04F79EFBC}") = "基础知识", "基础知识\基础知识.csproj", "{E372CF5F-019F-43BE-B2BC-1A2D3F872B75}"
EndProject
Global
	GlobalSection(SolutionConfigurationPlatforms) = preSolution
		Debug|Any CPU = Debug|Any CPU
		Release|Any CPU = Release|Any CPU
	EndGlobalSection
	GlobalSection(ProjectConfigurationPlatforms) = postSolution
		{EB7EAF10-3BAE-4D1C-8214-1723A34960A4}.Debug|Any CPU.ActiveCfg = Debug|Any CPU
		{EB7EAF10-3BAE-4D1C-8214-1723A34960A4}.Debug|Any CPU.Build.0 = Debug|Any CPU
		{EB7EAF10-3BAE-4D1C-8214-1723A34960A4}.Release|Any CPU.ActiveCfg = Release|Any CPU
		{EB7EAF10-3BAE-4D1C-8214-1723A34960A4}.Release|Any CPU.Build.0 = Release|Any CPU
		{687A96FB-68E0-444B-B785-306C607498C6}.Debug|Any CPU.ActiveCfg = Debug|Any CPU
		{687A96FB-68E0-444B-B785-306C607498C6}.Debug|Any CPU.Build.0 = Debug|Any CPU
		{687A96FB-68E0-444B-B785-306C607498C6}.Release|Any CPU.ActiveCfg = Release|Any CPU
		{687A96FB-68E0-444B-B785-306C607498C6}.Release|Any CPU.Build.0 = Release|Any CPU
		{3BC8A4D8-4332-4B56-956F-85A88196DCDA}.Debug|Any CPU.ActiveCfg = Debug|Any CPU
		{3BC8A4D8-4332-4B56-956F-85A88196DCDA}.Debug|Any CPU.Build.0 = Debug|Any CPU
		{3BC8A4D8-4332-4B56-956F-85A88196DCDA}.Release|Any CPU.ActiveCfg = Release|Any CPU
		{3BC8A4D8-4332-4B56-956F-85A88196DCDA}.Release|Any CPU.Build.0 = Release|Any CPU
		{020FA63B-C739-4803-B3B0-2FD781EE4D06}.Debug|Any CPU.ActiveCfg = Debug|Any CPU
		{020FA63B-C739-4803-B3B0-2FD781EE4D06}.Debug|Any CPU.Build.0 = Debug|Any CPU
		{020FA63B-C739-4803-B3B0-2FD781EE4D06}.Release|Any CPU.ActiveCfg = Release|Any CPU
		{020FA63B-C739-4803-B3B0-2FD781EE4D06}.Release|Any CPU.Build.0 = Release|Any CPU
		{FA5CCA04-B307-4280-B456-1799CF684EEB}.Debug|Any CPU.ActiveCfg = Debug|Any CPU
		{FA5CCA04-B307-4280-B456-1799CF684EEB}.Debug|Any CPU.Build.0 = Debug|Any CPU
		{FA5CCA04-B307-4280-B456-1799CF684EEB}.Release|Any CPU.ActiveCfg = Release|Any CPU
		{FA5CCA04-B307-4280-B456-1799CF684EEB}.Release|Any CPU.Build.0 = Release|Any CPU
		{53C63761-93D6-471C-A35F-AF398A685F2E}.Debug|Any CPU.ActiveCfg = Debug|Any CPU
		{53C63761-93D6-471C-A35F-AF398A685F2E}.Debug|Any CPU.Build.0 = Debug|Any CPU
		{53C63761-93D6-471C-A35F-AF398A685F2E}.Release|Any CPU.ActiveCfg = Release|Any CPU
		{53C63761-93D6-471C-A35F-AF398A685F2E}.Release|Any CPU.Build.0 = Release|Any CPU
		{45EC0CD2-122C-4142-A0EE-9CBF4FFB9AD2}.Debug|Any CPU.ActiveCfg = Debug|Any CPU
		{45EC0CD2-122C-4142-A0EE-9CBF4FFB9AD2}.Debug|Any CPU.Build.0 = Debug|Any CPU
		{45EC0CD2-122C-4142-A0EE-9CBF4FFB9AD2}.Release|Any CPU.ActiveCfg = Release|Any CPU
		{45EC0CD2-122C-4142-A0EE-9CBF4FFB9AD2}.Release|Any CPU.Build.0 = Release|Any CPU
		{E372CF5F-019F-43BE-B2BC-1A2D3F872B75}.Debug|Any CPU.ActiveCfg = Debug|Any CPU
		{E372CF5F-019F-43BE-B2BC-1A2D3F872B75}.Debug|Any CPU.Build.0 = Debug|Any CPU
		{E372CF5F-019F-43BE-B2BC-1A2D3F872B75}.Release|Any CPU.ActiveCfg = Release|Any CPU
		{E372CF5F-019F-43BE-B2BC-1A2D3F872B75}.Release|Any CPU.Build.0 = Release|Any CPU
	EndGlobalSection
	GlobalSection(SolutionProperties) = preSolution
		HideSolutionNode = FALSE
	EndGlobalSection
	GlobalSection(NestedProjects) = preSolution
		{433B7760-F989-44D1-9A32-3006D0B8BBC4} = {EC681E60-CDDA-47DB-8A0B-1A2840C97DEF}
		{EB7EAF10-3BAE-4D1C-8214-1723A34960A4} = {FAA6AD48-A871-4704-9248-98771DB7BD4B}
		{687A96FB-68E0-444B-B785-306C607498C6} = {7A5D00B1-132E-4697-87FC-3CE337443493}
		{3BC8A4D8-4332-4B56-956F-85A88196DCDA} = {7A5D00B1-132E-4697-87FC-3CE337443493}
		{020FA63B-C739-4803-B3B0-2FD781EE4D06} = {FAA6AD48-A871-4704-9248-98771DB7BD4B}
		{FA5CCA04-B307-4280-B456-1799CF684EEB} = {FAA6AD48-A871-4704-9248-98771DB7BD4B}
		{53C63761-93D6-471C-A35F-AF398A685F2E} = {9644CBFD-A7CD-4EC2-97B3-B68DF4B48F3A}
		{45EC0CD2-122C-4142-A0EE-9CBF4FFB9AD2} = {EC681E60-CDDA-47DB-8A0B-1A2840C97DEF}
	EndGlobalSection
	GlobalSection(ExtensibilityGlobals) = postSolution
		SolutionGuid = {A6857292-1ED6-4745-91C4-A810BA862DDD}
	EndGlobalSection
EndGlobal
