
Microsoft Visual Studio Solution File, Format Version 12.00
# Visual Studio Version 16
VisualStudioVersion = 16.0.30517.126
MinimumVisualStudioVersion = 10.0.40219.1
Project("{9A19103F-16F7-4668-BE54-9A1E7A4F7556}") = "Reflection", "NetTemple\Reflection.csproj", "{8FCAE73F-F444-465D-857E-91C93C740BE5}"
EndProject
Project("{9A19103F-16F7-4668-BE54-9A1E7A4F7556}") = "Interface", "Interface\Interface.csproj", "{ECD4BB85-EF83-4703-A652-CD18CB3C7861}"
EndProject
Project("{9A19103F-16F7-4668-BE54-9A1E7A4F7556}") = "Files", "File\Files.csproj", "{CF2BFD7E-07FC-4052-9D03-B121C04B8AE3}"
EndProject
Project("{9A19103F-16F7-4668-BE54-9A1E7A4F7556}") = "Serializations", "Serializations\Serializations.csproj", "{4405C8A0-84C3-4292-99F3-F95A8F9CF4A3}"
EndProject
Project("{9A19103F-16F7-4668-BE54-9A1E7A4F7556}") = "Delegates", "Delegates\Delegates.csproj", "{9354DFA5-D206-4E1C-8DAC-62010BE1C22A}"
EndProject
Project("{9A19103F-16F7-4668-BE54-9A1E7A4F7556}") = "Asynchronous", "Asynchronous\Asynchronous.csproj", "{7FE1AD82-06EA-4BF5-AE3E-16A0EEF3BB75}"
EndProject
Project("{FAE04EC0-301F-11D3-BF4B-00C04F79EFBC}") = "SharpSix", "SharpSix\SharpSix.csproj", "{B22B3DC6-E0C3-4564-9C83-D897048B885A}"
EndProject
Project("{FAE04EC0-301F-11D3-BF4B-00C04F79EFBC}") = "NLogDemo", "NLogDemo\NLogDemo.csproj", "{2462E5A6-D584-4085-80B1-FD9EC7A05CAB}"
EndProject
Project("{FAE04EC0-301F-11D3-BF4B-00C04F79EFBC}") = "Nlog.Framework", "Nlog.Framework\Nlog.Framework.csproj", "{E9A85B52-5EB3-427E-A2AF-880211A8CA8B}"
EndProject
Global
	GlobalSection(SolutionConfigurationPlatforms) = preSolution
		Debug|Any CPU = Debug|Any CPU
		Release|Any CPU = Release|Any CPU
	EndGlobalSection
	GlobalSection(ProjectConfigurationPlatforms) = postSolution
		{8FCAE73F-F444-465D-857E-91C93C740BE5}.Debug|Any CPU.ActiveCfg = Debug|Any CPU
		{8FCAE73F-F444-465D-857E-91C93C740BE5}.Debug|Any CPU.Build.0 = Debug|Any CPU
		{8FCAE73F-F444-465D-857E-91C93C740BE5}.Release|Any CPU.ActiveCfg = Release|Any CPU
		{8FCAE73F-F444-465D-857E-91C93C740BE5}.Release|Any CPU.Build.0 = Release|Any CPU
		{ECD4BB85-EF83-4703-A652-CD18CB3C7861}.Debug|Any CPU.ActiveCfg = Debug|Any CPU
		{ECD4BB85-EF83-4703-A652-CD18CB3C7861}.Debug|Any CPU.Build.0 = Debug|Any CPU
		{ECD4BB85-EF83-4703-A652-CD18CB3C7861}.Release|Any CPU.ActiveCfg = Release|Any CPU
		{ECD4BB85-EF83-4703-A652-CD18CB3C7861}.Release|Any CPU.Build.0 = Release|Any CPU
		{CF2BFD7E-07FC-4052-9D03-B121C04B8AE3}.Debug|Any CPU.ActiveCfg = Debug|Any CPU
		{CF2BFD7E-07FC-4052-9D03-B121C04B8AE3}.Debug|Any CPU.Build.0 = Debug|Any CPU
		{CF2BFD7E-07FC-4052-9D03-B121C04B8AE3}.Release|Any CPU.ActiveCfg = Release|Any CPU
		{CF2BFD7E-07FC-4052-9D03-B121C04B8AE3}.Release|Any CPU.Build.0 = Release|Any CPU
		{4405C8A0-84C3-4292-99F3-F95A8F9CF4A3}.Debug|Any CPU.ActiveCfg = Debug|Any CPU
		{4405C8A0-84C3-4292-99F3-F95A8F9CF4A3}.Debug|Any CPU.Build.0 = Debug|Any CPU
		{4405C8A0-84C3-4292-99F3-F95A8F9CF4A3}.Release|Any CPU.ActiveCfg = Release|Any CPU
		{4405C8A0-84C3-4292-99F3-F95A8F9CF4A3}.Release|Any CPU.Build.0 = Release|Any CPU
		{9354DFA5-D206-4E1C-8DAC-62010BE1C22A}.Debug|Any CPU.ActiveCfg = Debug|Any CPU
		{9354DFA5-D206-4E1C-8DAC-62010BE1C22A}.Debug|Any CPU.Build.0 = Debug|Any CPU
		{9354DFA5-D206-4E1C-8DAC-62010BE1C22A}.Release|Any CPU.ActiveCfg = Release|Any CPU
		{9354DFA5-D206-4E1C-8DAC-62010BE1C22A}.Release|Any CPU.Build.0 = Release|Any CPU
		{7FE1AD82-06EA-4BF5-AE3E-16A0EEF3BB75}.Debug|Any CPU.ActiveCfg = Debug|Any CPU
		{7FE1AD82-06EA-4BF5-AE3E-16A0EEF3BB75}.Debug|Any CPU.Build.0 = Debug|Any CPU
		{7FE1AD82-06EA-4BF5-AE3E-16A0EEF3BB75}.Release|Any CPU.ActiveCfg = Release|Any CPU
		{7FE1AD82-06EA-4BF5-AE3E-16A0EEF3BB75}.Release|Any CPU.Build.0 = Release|Any CPU
		{B22B3DC6-E0C3-4564-9C83-D897048B885A}.Debug|Any CPU.ActiveCfg = Debug|Any CPU
		{B22B3DC6-E0C3-4564-9C83-D897048B885A}.Debug|Any CPU.Build.0 = Debug|Any CPU
		{B22B3DC6-E0C3-4564-9C83-D897048B885A}.Release|Any CPU.ActiveCfg = Release|Any CPU
		{B22B3DC6-E0C3-4564-9C83-D897048B885A}.Release|Any CPU.Build.0 = Release|Any CPU
		{2462E5A6-D584-4085-80B1-FD9EC7A05CAB}.Debug|Any CPU.ActiveCfg = Debug|Any CPU
		{2462E5A6-D584-4085-80B1-FD9EC7A05CAB}.Debug|Any CPU.Build.0 = Debug|Any CPU
		{2462E5A6-D584-4085-80B1-FD9EC7A05CAB}.Release|Any CPU.ActiveCfg = Release|Any CPU
		{2462E5A6-D584-4085-80B1-FD9EC7A05CAB}.Release|Any CPU.Build.0 = Release|Any CPU
		{E9A85B52-5EB3-427E-A2AF-880211A8CA8B}.Debug|Any CPU.ActiveCfg = Debug|Any CPU
		{E9A85B52-5EB3-427E-A2AF-880211A8CA8B}.Debug|Any CPU.Build.0 = Debug|Any CPU
		{E9A85B52-5EB3-427E-A2AF-880211A8CA8B}.Release|Any CPU.ActiveCfg = Release|Any CPU
		{E9A85B52-5EB3-427E-A2AF-880211A8CA8B}.Release|Any CPU.Build.0 = Release|Any CPU
	EndGlobalSection
	GlobalSection(SolutionProperties) = preSolution
		HideSolutionNode = FALSE
	EndGlobalSection
	GlobalSection(ExtensibilityGlobals) = postSolution
		SolutionGuid = {A6857292-1ED6-4745-91C4-A810BA862DDD}
	EndGlobalSection
EndGlobal
